
Microsoft Visual Studio Solution File, Format Version 12.00
# Visual Studio 15
VisualStudioVersion = 15.0.28307.645
MinimumVisualStudioVersion = 10.0.40219.1
Project("{FAE04EC0-301F-11D3-BF4B-00C04F79EFBC}") = "Project.DAL", "Project.DAL\Project.DAL.csproj", "{ABDFEF36-2BE3-423F-B225-AD659F2CEE21}"
EndProject
Project("{FAE04EC0-301F-11D3-BF4B-00C04F79EFBC}") = "Project.UI", "Project.UI\Project.UI.csproj", "{1785E93D-EB68-484F-B9C3-9F8B02050962}"
EndProject
Project("{FAE04EC0-301F-11D3-BF4B-00C04F79EFBC}") = "Project.Entities", "Project.Entities\Project.Entities.csproj", "{BFCAFDD2-9E77-4A93-BEFD-F7D813A39E6F}"
EndProject
Global
	GlobalSection(SolutionConfigurationPlatforms) = preSolution
		Debug|Any CPU = Debug|Any CPU
		Release|Any CPU = Release|Any CPU
	EndGlobalSection
	GlobalSection(ProjectConfigurationPlatforms) = postSolution
		{ABDFEF36-2BE3-423F-B225-AD659F2CEE21}.Debug|Any CPU.ActiveCfg = Debug|Any CPU
		{ABDFEF36-2BE3-423F-B225-AD659F2CEE21}.Debug|Any CPU.Build.0 = Debug|Any CPU
		{ABDFEF36-2BE3-423F-B225-AD659F2CEE21}.Release|Any CPU.ActiveCfg = Release|Any CPU
		{ABDFEF36-2BE3-423F-B225-AD659F2CEE21}.Release|Any CPU.Build.0 = Release|Any CPU
		{1785E93D-EB68-484F-B9C3-9F8B02050962}.Debug|Any CPU.ActiveCfg = Debug|Any CPU
		{1785E93D-EB68-484F-B9C3-9F8B02050962}.Debug|Any CPU.Build.0 = Debug|Any CPU
		{1785E93D-EB68-484F-B9C3-9F8B02050962}.Release|Any CPU.ActiveCfg = Release|Any CPU
		{1785E93D-EB68-484F-B9C3-9F8B02050962}.Release|Any CPU.Build.0 = Release|Any CPU
		{BFCAFDD2-9E77-4A93-BEFD-F7D813A39E6F}.Debug|Any CPU.ActiveCfg = Debug|Any CPU
		{BFCAFDD2-9E77-4A93-BEFD-F7D813A39E6F}.Debug|Any CPU.Build.0 = Debug|Any CPU
		{BFCAFDD2-9E77-4A93-BEFD-F7D813A39E6F}.Release|Any CPU.ActiveCfg = Release|Any CPU
		{BFCAFDD2-9E77-4A93-BEFD-F7D813A39E6F}.Release|Any CPU.Build.0 = Release|Any CPU
	EndGlobalSection
	GlobalSection(SolutionProperties) = preSolution
		HideSolutionNode = FALSE
	EndGlobalSection
	GlobalSection(ExtensibilityGlobals) = postSolution
		SolutionGuid = {DD734A72-E786-46B5-BA2F-B4EAAC42DBF5}
	EndGlobalSection
EndGlobal
